// !$*UTF8*$!
{
	archiveVersion = 1;
	classes = {
	};
	objectVersion = 56;
	objects = {

/* Begin PBXBuildFile section */
		79C9B5262CA5D1F7007D9339 /* FlickerGridDemoApp.swift in Sources */ = {isa = PBXBuildFile; fileRef = 79C9B5252CA5D1F7007D9339 /* FlickerGridDemoApp.swift */; };
		79C9B52A2CA5D1FA007D9339 /* Assets.xcassets in Resources */ = {isa = PBXBuildFile; fileRef = 79C9B5292CA5D1FA007D9339 /* Assets.xcassets */; };
		79C9B52D2CA5D1FA007D9339 /* Preview Assets.xcassets in Resources */ = {isa = PBXBuildFile; fileRef = 79C9B52C2CA5D1FA007D9339 /* Preview Assets.xcassets */; };
		79C9B5372CA5D2A0007D9339 /* FlickerGridView.swift in Sources */ = {isa = PBXBuildFile; fileRef = 79C9B5362CA5D2A0007D9339 /* FlickerGridView.swift */; };
		79C9B5392CA5D2EA007D9339 /* FlickerGridViewModel.swift in Sources */ = {isa = PBXBuildFile; fileRef = 79C9B5382CA5D2EA007D9339 /* FlickerGridViewModel.swift */; };
		79C9B53B2CA5D325007D9339 /* FlickerModel.swift in Sources */ = {isa = PBXBuildFile; fileRef = 79C9B53A2CA5D325007D9339 /* FlickerModel.swift */; };
		79C9B53E2CA5D38D007D9339 /* FlickerAPI.swift in Sources */ = {isa = PBXBuildFile; fileRef = 79C9B53D2CA5D38D007D9339 /* FlickerAPI.swift */; };
		79C9B5422CA5D44A007D9339 /* SearchBarView.swift in Sources */ = {isa = PBXBuildFile; fileRef = 79C9B5412CA5D44A007D9339 /* SearchBarView.swift */; };
		79C9B5442CA5D4A0007D9339 /* ImageView.swift in Sources */ = {isa = PBXBuildFile; fileRef = 79C9B5432CA5D4A0007D9339 /* ImageView.swift */; };
		79C9B5462CA5D54E007D9339 /* GridDetailView.swift in Sources */ = {isa = PBXBuildFile; fileRef = 79C9B5452CA5D54E007D9339 /* GridDetailView.swift */; };
/* End PBXBuildFile section */

/* Begin PBXFileReference section */
		79C9B5222CA5D1F7007D9339 /* FlickerGridDemo.app */ = {isa = PBXFileReference; explicitFileType = wrapper.application; includeInIndex = 0; path = FlickerGridDemo.app; sourceTree = BUILT_PRODUCTS_DIR; };
		79C9B5252CA5D1F7007D9339 /* FlickerGridDemoApp.swift */ = {isa = PBXFileReference; lastKnownFileType = sourcecode.swift; path = FlickerGridDemoApp.swift; sourceTree = "<group>"; };
		79C9B5292CA5D1FA007D9339 /* Assets.xcassets */ = {isa = PBXFileReference; lastKnownFileType = folder.assetcatalog; path = Assets.xcassets; sourceTree = "<group>"; };
		79C9B52C2CA5D1FA007D9339 /* Preview Assets.xcassets */ = {isa = PBXFileReference; lastKnownFileType = folder.assetcatalog; path = "Preview Assets.xcassets"; sourceTree = "<group>"; };
		79C9B5362CA5D2A0007D9339 /* FlickerGridView.swift */ = {isa = PBXFileReference; lastKnownFileType = sourcecode.swift; path = FlickerGridView.swift; sourceTree = "<group>"; };
		79C9B5382CA5D2EA007D9339 /* FlickerGridViewModel.swift */ = {isa = PBXFileReference; lastKnownFileType = sourcecode.swift; path = FlickerGridViewModel.swift; sourceTree = "<group>"; };
		79C9B53A2CA5D325007D9339 /* FlickerModel.swift */ = {isa = PBXFileReference; lastKnownFileType = sourcecode.swift; path = FlickerModel.swift; sourceTree = "<group>"; };
		79C9B53D2CA5D38D007D9339 /* FlickerAPI.swift */ = {isa = PBXFileReference; lastKnownFileType = sourcecode.swift; path = FlickerAPI.swift; sourceTree = "<group>"; };
		79C9B5412CA5D44A007D9339 /* SearchBarView.swift */ = {isa = PBXFileReference; lastKnownFileType = sourcecode.swift; path = SearchBarView.swift; sourceTree = "<group>"; };
		79C9B5432CA5D4A0007D9339 /* ImageView.swift */ = {isa = PBXFileReference; lastKnownFileType = sourcecode.swift; path = ImageView.swift; sourceTree = "<group>"; };
		79C9B5452CA5D54E007D9339 /* GridDetailView.swift */ = {isa = PBXFileReference; lastKnownFileType = sourcecode.swift; path = GridDetailView.swift; sourceTree = "<group>"; };
/* End PBXFileReference section */

/* Begin PBXFrameworksBuildPhase section */
		79C9B51F2CA5D1F7007D9339 /* Frameworks */ = {
			isa = PBXFrameworksBuildPhase;
			buildActionMask = 2147483647;
			files = (
			);
			runOnlyForDeploymentPostprocessing = 0;
		};
/* End PBXFrameworksBuildPhase section */

/* Begin PBXGroup section */
		79C9B5192CA5D1F7007D9339 = {
			isa = PBXGroup;
			children = (
				79C9B5242CA5D1F7007D9339 /* FlickerGridDemo */,
				79C9B5232CA5D1F7007D9339 /* Products */,
			);
			sourceTree = "<group>";
		};
		79C9B5232CA5D1F7007D9339 /* Products */ = {
			isa = PBXGroup;
			children = (
				79C9B5222CA5D1F7007D9339 /* FlickerGridDemo.app */,
			);
			name = Products;
			sourceTree = "<group>";
		};
		79C9B5242CA5D1F7007D9339 /* FlickerGridDemo */ = {
			isa = PBXGroup;
			children = (
				79C9B53C2CA5D36F007D9339 /* UtilityAPI */,
				79C9B5332CA5D231007D9339 /* Mode */,
				79C9B5352CA5D243007D9339 /* View */,
				79C9B5342CA5D239007D9339 /* ViewModel */,
				79C9B5252CA5D1F7007D9339 /* FlickerGridDemoApp.swift */,
				79C9B5292CA5D1FA007D9339 /* Assets.xcassets */,
				79C9B52B2CA5D1FA007D9339 /* Preview Content */,
			);
			path = FlickerGridDemo;
			sourceTree = "<group>";
		};
		79C9B52B2CA5D1FA007D9339 /* Preview Content */ = {
			isa = PBXGroup;
			children = (
				79C9B52C2CA5D1FA007D9339 /* Preview Assets.xcassets */,
			);
			path = "Preview Content";
			sourceTree = "<group>";
		};
		79C9B5332CA5D231007D9339 /* Mode */ = {
			isa = PBXGroup;
			children = (
				79C9B53A2CA5D325007D9339 /* FlickerModel.swift */,
			);
			path = Mode;
			sourceTree = "<group>";
		};
		79C9B5342CA5D239007D9339 /* ViewModel */ = {
			isa = PBXGroup;
			children = (
				79C9B5382CA5D2EA007D9339 /* FlickerGridViewModel.swift */,
			);
			path = ViewModel;
			sourceTree = "<group>";
		};
		79C9B5352CA5D243007D9339 /* View */ = {
			isa = PBXGroup;
			children = (
				79C9B5362CA5D2A0007D9339 /* FlickerGridView.swift */,
				79C9B5412CA5D44A007D9339 /* SearchBarView.swift */,
				79C9B5452CA5D54E007D9339 /* GridDetailView.swift */,
				79C9B5432CA5D4A0007D9339 /* ImageView.swift */,
			);
			path = View;
			sourceTree = "<group>";
		};
		79C9B53C2CA5D36F007D9339 /* UtilityAPI */ = {
			isa = PBXGroup;
			children = (
				79C9B53D2CA5D38D007D9339 /* FlickerAPI.swift */,
			);
			path = UtilityAPI;
			sourceTree = "<group>";
		};
/* End PBXGroup section */

/* Begin PBXNativeTarget section */
		79C9B5212CA5D1F7007D9339 /* FlickerGridDemo */ = {
			isa = PBXNativeTarget;
			buildConfigurationList = 79C9B5302CA5D1FA007D9339 /* Build configuration list for PBXNativeTarget "FlickerGridDemo" */;
			buildPhases = (
				79C9B51E2CA5D1F7007D9339 /* Sources */,
				79C9B51F2CA5D1F7007D9339 /* Frameworks */,
				79C9B5202CA5D1F7007D9339 /* Resources */,
			);
			buildRules = (
			);
			dependencies = (
			);
			name = FlickerGridDemo;
			productName = FlickerGridDemo;
			productReference = 79C9B5222CA5D1F7007D9339 /* FlickerGridDemo.app */;
			productType = "com.apple.product-type.application";
		};
/* End PBXNativeTarget section */

/* Begin PBXProject section */
		79C9B51A2CA5D1F7007D9339 /* Project object */ = {
			isa = PBXProject;
			attributes = {
				BuildIndependentTargetsInParallel = 1;
				LastSwiftUpdateCheck = 1510;
				LastUpgradeCheck = 1510;
				TargetAttributes = {
					79C9B5212CA5D1F7007D9339 = {
						CreatedOnToolsVersion = 15.1;
					};
				};
			};
			buildConfigurationList = 79C9B51D2CA5D1F7007D9339 /* Build configuration list for PBXProject "FlickerGridDemo" */;
			compatibilityVersion = "Xcode 14.0";
			developmentRegion = en;
			hasScannedForEncodings = 0;
			knownRegions = (
				en,
				Base,
			);
			mainGroup = 79C9B5192CA5D1F7007D9339;
			productRefGroup = 79C9B5232CA5D1F7007D9339 /* Products */;
			projectDirPath = "";
			projectRoot = "";
			targets = (
				79C9B5212CA5D1F7007D9339 /* FlickerGridDemo */,
			);
		};
/* End PBXProject section */

/* Begin PBXResourcesBuildPhase section */
		79C9B5202CA5D1F7007D9339 /* Resources */ = {
			isa = PBXResourcesBuildPhase;
			buildActionMask = 2147483647;
			files = (
				79C9B52D2CA5D1FA007D9339 /* Preview Assets.xcassets in Resources */,
				79C9B52A2CA5D1FA007D9339 /* Assets.xcassets in Resources */,
			);
			runOnlyForDeploymentPostprocessing = 0;
		};
/* End PBXResourcesBuildPhase section */

/* Begin PBXSourcesBuildPhase section */
		79C9B51E2CA5D1F7007D9339 /* Sources */ = {
			isa = PBXSourcesBuildPhase;
			buildActionMask = 2147483647;
			files = (
				79C9B5442CA5D4A0007D9339 /* ImageView.swift in Sources */,
				79C9B53E2CA5D38D007D9339 /* FlickerAPI.swift in Sources */,
				79C9B5372CA5D2A0007D9339 /* FlickerGridView.swift in Sources */,
				79C9B5422CA5D44A007D9339 /* SearchBarView.swift in Sources */,
				79C9B5462CA5D54E007D9339 /* GridDetailView.swift in Sources */,
				79C9B5262CA5D1F7007D9339 /* FlickerGridDemoApp.swift in Sources */,
				79C9B53B2CA5D325007D9339 /* FlickerModel.swift in Sources */,
				79C9B5392CA5D2EA007D9339 /* FlickerGridViewModel.swift in Sources */,
			);
			runOnlyForDeploymentPostprocessing = 0;
		};
/* End PBXSourcesBuildPhase section */

/* Begin XCBuildConfiguration section */
		79C9B52E2CA5D1FA007D9339 /* Debug */ = {
			isa = XCBuildConfiguration;
			buildSettings = {
				ALWAYS_SEARCH_USER_PATHS = NO;
				ASSETCATALOG_COMPILER_GENERATE_SWIFT_ASSET_SYMBOL_EXTENSIONS = YES;
				CLANG_ANALYZER_NONNULL = YES;
				CLANG_ANALYZER_NUMBER_OBJECT_CONVERSION = YES_AGGRESSIVE;
				CLANG_CXX_LANGUAGE_STANDARD = "gnu++20";
				CLANG_ENABLE_MODULES = YES;
				CLANG_ENABLE_OBJC_ARC = YES;
				CLANG_ENABLE_OBJC_WEAK = YES;
				CLANG_WARN_BLOCK_CAPTURE_AUTORELEASING = YES;
				CLANG_WARN_BOOL_CONVERSION = YES;
				CLANG_WARN_COMMA = YES;
				CLANG_WARN_CONSTANT_CONVERSION = YES;
				CLANG_WARN_DEPRECATED_OBJC_IMPLEMENTATIONS = YES;
				CLANG_WARN_DIRECT_OBJC_ISA_USAGE = YES_ERROR;
				CLANG_WARN_DOCUMENTATION_COMMENTS = YES;
				CLANG_WARN_EMPTY_BODY = YES;
				CLANG_WARN_ENUM_CONVERSION = YES;
				CLANG_WARN_INFINITE_RECURSION = YES;
				CLANG_WARN_INT_CONVERSION = YES;
				CLANG_WARN_NON_LITERAL_NULL_CONVERSION = YES;
				CLANG_WARN_OBJC_IMPLICIT_RETAIN_SELF = YES;
				CLANG_WARN_OBJC_LITERAL_CONVERSION = YES;
				CLANG_WARN_OBJC_ROOT_CLASS = YES_ERROR;
				CLANG_WARN_QUOTED_INCLUDE_IN_FRAMEWORK_HEADER = YES;
				CLANG_WARN_RANGE_LOOP_ANALYSIS = YES;
				CLANG_WARN_STRICT_PROTOTYPES = YES;
				CLANG_WARN_SUSPICIOUS_MOVE = YES;
				CLANG_WARN_UNGUARDED_AVAILABILITY = YES_AGGRESSIVE;
				CLANG_WARN_UNREACHABLE_CODE = YES;
				CLANG_WARN__DUPLICATE_METHOD_MATCH = YES;
				COPY_PHASE_STRIP = NO;
				DEBUG_INFORMATION_FORMAT = dwarf;
				ENABLE_STRICT_OBJC_MSGSEND = YES;
				ENABLE_TESTABILITY = YES;
				ENABLE_USER_SCRIPT_SANDBOXING = YES;
				GCC_C_LANGUAGE_STANDARD = gnu17;
				GCC_DYNAMIC_NO_PIC = NO;
				GCC_NO_COMMON_BLOCKS = YES;
				GCC_OPTIMIZATION_LEVEL = 0;
				GCC_PREPROCESSOR_DEFINITIONS = (
					"DEBUG=1",
					"$(inherited)",
				);
				GCC_WARN_64_TO_32_BIT_CONVERSION = YES;
				GCC_WARN_ABOUT_RETURN_TYPE = YES_ERROR;
				GCC_WARN_UNDECLARED_SELECTOR = YES;
				GCC_WARN_UNINITIALIZED_AUTOS = YES_AGGRESSIVE;
				GCC_WARN_UNUSED_FUNCTION = YES;
				GCC_WARN_UNUSED_VARIABLE = YES;
				IPHONEOS_DEPLOYMENT_TARGET = 17.2;
				LOCALIZATION_PREFERS_STRING_CATALOGS = YES;
				MTL_ENABLE_DEBUG_INFO = INCLUDE_SOURCE;
				MTL_FAST_MATH = YES;
				ONLY_ACTIVE_ARCH = YES;
				SDKROOT = iphoneos;
				SWIFT_ACTIVE_COMPILATION_CONDITIONS = "DEBUG $(inherited)";
				SWIFT_OPTIMIZATION_LEVEL = "-Onone";
			};
			name = Debug;
		};
		79C9B52F2CA5D1FA007D9339 /* Release */ = {
			isa = XCBuildConfiguration;
			buildSettings = {
				ALWAYS_SEARCH_USER_PATHS = NO;
				ASSETCATALOG_COMPILER_GENERATE_SWIFT_ASSET_SYMBOL_EXTENSIONS = YES;
				CLANG_ANALYZER_NONNULL = YES;
				CLANG_ANALYZER_NUMBER_OBJECT_CONVERSION = YES_AGGRESSIVE;
				CLANG_CXX_LANGUAGE_STANDARD = "gnu++20";
				CLANG_ENABLE_MODULES = YES;
				CLANG_ENABLE_OBJC_ARC = YES;
				CLANG_ENABLE_OBJC_WEAK = YES;
				CLANG_WARN_BLOCK_CAPTURE_AUTORELEASING = YES;
				CLANG_WARN_BOOL_CONVERSION = YES;
				CLANG_WARN_COMMA = YES;
				CLANG_WARN_CONSTANT_CONVERSION = YES;
				CLANG_WARN_DEPRECATED_OBJC_IMPLEMENTATIONS = YES;
				CLANG_WARN_DIRECT_OBJC_ISA_USAGE = YES_ERROR;
				CLANG_WARN_DOCUMENTATION_COMMENTS = YES;
				CLANG_WARN_EMPTY_BODY = YES;
				CLANG_WARN_ENUM_CONVERSION = YES;
				CLANG_WARN_INFINITE_RECURSION = YES;
				CLANG_WARN_INT_CONVERSION = YES;
				CLANG_WARN_NON_LITERAL_NULL_CONVERSION = YES;
				CLANG_WARN_OBJC_IMPLICIT_RETAIN_SELF = YES;
				CLANG_WARN_OBJC_LITERAL_CONVERSION = YES;
				CLANG_WARN_OBJC_ROOT_CLASS = YES_ERROR;
				CLANG_WARN_QUOTED_INCLUDE_IN_FRAMEWORK_HEADER = YES;
				CLANG_WARN_RANGE_LOOP_ANALYSIS = YES;
				CLANG_WARN_STRICT_PROTOTYPES = YES;
				CLANG_WARN_SUSPICIOUS_MOVE = YES;
				CLANG_WARN_UNGUARDED_AVAILABILITY = YES_AGGRESSIVE;
				CLANG_WARN_UNREACHABLE_CODE = YES;
				CLANG_WARN__DUPLICATE_METHOD_MATCH = YES;
				COPY_PHASE_STRIP = NO;
				DEBUG_INFORMATION_FORMAT = "dwarf-with-dsym";
				ENABLE_NS_ASSERTIONS = NO;
				ENABLE_STRICT_OBJC_MSGSEND = YES;
				ENABLE_USER_SCRIPT_SANDBOXING = YES;
				GCC_C_LANGUAGE_STANDARD = gnu17;
				GCC_NO_COMMON_BLOCKS = YES;
				GCC_WARN_64_TO_32_BIT_CONVERSION = YES;
				GCC_WARN_ABOUT_RETURN_TYPE = YES_ERROR;
				GCC_WARN_UNDECLARED_SELECTOR = YES;
				GCC_WARN_UNINITIALIZED_AUTOS = YES_AGGRESSIVE;
				GCC_WARN_UNUSED_FUNCTION = YES;
				GCC_WARN_UNUSED_VARIABLE = YES;
				IPHONEOS_DEPLOYMENT_TARGET = 17.2;
				LOCALIZATION_PREFERS_STRING_CATALOGS = YES;
				MTL_ENABLE_DEBUG_INFO = NO;
				MTL_FAST_MATH = YES;
				SDKROOT = iphoneos;
				SWIFT_COMPILATION_MODE = wholemodule;
				VALIDATE_PRODUCT = YES;
			};
			name = Release;
		};
		79C9B5312CA5D1FA007D9339 /* Debug */ = {
			isa = XCBuildConfiguration;
			buildSettings = {
				ASSETCATALOG_COMPILER_APPICON_NAME = AppIcon;
				ASSETCATALOG_COMPILER_GLOBAL_ACCENT_COLOR_NAME = AccentColor;
				CODE_SIGN_STYLE = Manual;
				CURRENT_PROJECT_VERSION = 1;
				DEVELOPMENT_ASSET_PATHS = "\"FlickerGridDemo/Preview Content\"";
				DEVELOPMENT_TEAM = "";
				ENABLE_PREVIEWS = YES;
				GENERATE_INFOPLIST_FILE = YES;
				INFOPLIST_KEY_UIApplicationSceneManifest_Generation = YES;
				INFOPLIST_KEY_UIApplicationSupportsIndirectInputEvents = YES;
				INFOPLIST_KEY_UILaunchScreen_Generation = YES;
				INFOPLIST_KEY_UISupportedInterfaceOrientations_iPad = "UIInterfaceOrientationPortrait UIInterfaceOrientationPortraitUpsideDown UIInterfaceOrientationLandscapeLeft UIInterfaceOrientationLandscapeRight";
				INFOPLIST_KEY_UISupportedInterfaceOrientations_iPhone = "UIInterfaceOrientationPortrait UIInterfaceOrientationLandscapeLeft UIInterfaceOrientationLandscapeRight";
				LD_RUNPATH_SEARCH_PATHS = (
					"$(inherited)",
					"@executable_path/Frameworks",
				);
				MARKETING_VERSION = 1.0;
				PRODUCT_BUNDLE_IDENTIFIER = Test.FlickerGridDemo;
				PRODUCT_NAME = "$(TARGET_NAME)";
				PROVISIONING_PROFILE_SPECIFIER = "";
				SWIFT_EMIT_LOC_STRINGS = YES;
				SWIFT_VERSION = 5.0;
				TARGETED_DEVICE_FAMILY = "1,2";
			};
			name = Debug;
		};
		79C9B5322CA5D1FA007D9339 /* Release */ = {
			isa = XCBuildConfiguration;
			buildSettings = {
				ASSETCATALOG_COMPILER_APPICON_NAME = AppIcon;
				ASSETCATALOG_COMPILER_GLOBAL_ACCENT_COLOR_NAME = AccentColor;
				CODE_SIGN_STYLE = Manual;
				CURRENT_PROJECT_VERSION = 1;
				DEVELOPMENT_ASSET_PATHS = "\"FlickerGridDemo/Preview Content\"";
				DEVELOPMENT_TEAM = "";
				ENABLE_PREVIEWS = YES;
				GENERATE_INFOPLIST_FILE = YES;
				INFOPLIST_KEY_UIApplicationSceneManifest_Generation = YES;
				INFOPLIST_KEY_UIApplicationSupportsIndirectInputEvents = YES;
				INFOPLIST_KEY_UILaunchScreen_Generation = YES;
				INFOPLIST_KEY_UISupportedInterfaceOrientations_iPad = "UIInterfaceOrientationPortrait UIInterfaceOrientationPortraitUpsideDown UIInterfaceOrientationLandscapeLeft UIInterfaceOrientationLandscapeRight";
				INFOPLIST_KEY_UISupportedInterfaceOrientations_iPhone = "UIInterfaceOrientationPortrait UIInterfaceOrientationLandscapeLeft UIInterfaceOrientationLandscapeRight";
				LD_RUNPATH_SEARCH_PATHS = (
					"$(inherited)",
					"@executable_path/Frameworks",
				);
				MARKETING_VERSION = 1.0;
				PRODUCT_BUNDLE_IDENTIFIER = Test.FlickerGridDemo;
				PRODUCT_NAME = "$(TARGET_NAME)";
				PROVISIONING_PROFILE_SPECIFIER = "";
				SWIFT_EMIT_LOC_STRINGS = YES;
				SWIFT_VERSION = 5.0;
				TARGETED_DEVICE_FAMILY = "1,2";
			};
			name = Release;
		};
/* End XCBuildConfiguration section */

/* Begin XCConfigurationList section */
		79C9B51D2CA5D1F7007D9339 /* Build configuration list for PBXProject "FlickerGridDemo" */ = {
			isa = XCConfigurationList;
			buildConfigurations = (
				79C9B52E2CA5D1FA007D9339 /* Debug */,
				79C9B52F2CA5D1FA007D9339 /* Release */,
			);
			defaultConfigurationIsVisible = 0;
			defaultConfigurationName = Release;
		};
		79C9B5302CA5D1FA007D9339 /* Build configuration list for PBXNativeTarget "FlickerGridDemo" */ = {
			isa = XCConfigurationList;
			buildConfigurations = (
				79C9B5312CA5D1FA007D9339 /* Debug */,
				79C9B5322CA5D1FA007D9339 /* Release */,
			);
			defaultConfigurationIsVisible = 0;
			defaultConfigurationName = Release;
		};
/* End XCConfigurationList section */
	};
	rootObject = 79C9B51A2CA5D1F7007D9339 /* Project object */;
}
